// !$*UTF8*$!
{
	archiveVersion = 1;
	classes = {
	};
	objectVersion = 56;
	objects = {

/* Begin PBXBuildFile section */
		BC00AA742BCF6DD600DE8AD2 /* AppDelegate.swift in Sources */ = {isa = PBXBuildFile; fileRef = BC00AA732BCF6DD600DE8AD2 /* AppDelegate.swift */; };
		BC00AA762BCF6DD600DE8AD2 /* SceneDelegate.swift in Sources */ = {isa = PBXBuildFile; fileRef = BC00AA752BCF6DD600DE8AD2 /* SceneDelegate.swift */; };
		BC00AA782BCF6DD600DE8AD2 /* TabBarControllerFactory.swift in Sources */ = {isa = PBXBuildFile; fileRef = BC00AA772BCF6DD600DE8AD2 /* TabBarControllerFactory.swift */; };
		BC00AA7B2BCF6DD600DE8AD2 /* Base in Resources */ = {isa = PBXBuildFile; fileRef = BC00AA7A2BCF6DD600DE8AD2 /* Base */; };
		BC00AA7D2BCF6DD700DE8AD2 /* Assets.xcassets in Resources */ = {isa = PBXBuildFile; fileRef = BC00AA7C2BCF6DD700DE8AD2 /* Assets.xcassets */; };
		BC00AA802BCF6DD700DE8AD2 /* Base in Resources */ = {isa = PBXBuildFile; fileRef = BC00AA7F2BCF6DD700DE8AD2 /* Base */; };
/* End PBXBuildFile section */

/* Begin PBXFileReference section */
		BC00AA702BCF6DD600DE8AD2 /* ModularAppExample.app */ = {isa = PBXFileReference; explicitFileType = wrapper.application; includeInIndex = 0; path = ModularAppExample.app; sourceTree = BUILT_PRODUCTS_DIR; };
		BC00AA732BCF6DD600DE8AD2 /* AppDelegate.swift */ = {isa = PBXFileReference; lastKnownFileType = sourcecode.swift; path = AppDelegate.swift; sourceTree = "<group>"; };
		BC00AA752BCF6DD600DE8AD2 /* SceneDelegate.swift */ = {isa = PBXFileReference; lastKnownFileType = sourcecode.swift; path = SceneDelegate.swift; sourceTree = "<group>"; };
		BC00AA772BCF6DD600DE8AD2 /* TabBarControllerFactory.swift */ = {isa = PBXFileReference; lastKnownFileType = sourcecode.swift; path = TabBarControllerFactory.swift; sourceTree = "<group>"; };
		BC00AA7A2BCF6DD600DE8AD2 /* Base */ = {isa = PBXFileReference; lastKnownFileType = file.storyboard; name = Base; path = Base.lproj/Main.storyboard; sourceTree = "<group>"; };
		BC00AA7C2BCF6DD700DE8AD2 /* Assets.xcassets */ = {isa = PBXFileReference; lastKnownFileType = folder.assetcatalog; path = Assets.xcassets; sourceTree = "<group>"; };
		BC00AA7F2BCF6DD700DE8AD2 /* Base */ = {isa = PBXFileReference; lastKnownFileType = file.storyboard; name = Base; path = Base.lproj/LaunchScreen.storyboard; sourceTree = "<group>"; };
		BC00AA812BCF6DD700DE8AD2 /* Info.plist */ = {isa = PBXFileReference; lastKnownFileType = text.plist.xml; path = Info.plist; sourceTree = "<group>"; };
/* End PBXFileReference section */

/* Begin PBXFrameworksBuildPhase section */
		BC00AA6D2BCF6DD600DE8AD2 /* Frameworks */ = {
			isa = PBXFrameworksBuildPhase;
			buildActionMask = 2147483647;
			files = (
			);
			runOnlyForDeploymentPostprocessing = 0;
		};
/* End PBXFrameworksBuildPhase section */

/* Begin PBXGroup section */
		BC00AA672BCF6DD600DE8AD2 = {
			isa = PBXGroup;
			children = (
				BC00AA722BCF6DD600DE8AD2 /* ModularAppExample */,
				BC00AA712BCF6DD600DE8AD2 /* Products */,
			);
			sourceTree = "<group>";
		};
		BC00AA712BCF6DD600DE8AD2 /* Products */ = {
			isa = PBXGroup;
			children = (
				BC00AA702BCF6DD600DE8AD2 /* ModularAppExample.app */,
			);
			name = Products;
			sourceTree = "<group>";
		};
		BC00AA722BCF6DD600DE8AD2 /* ModularAppExample */ = {
			isa = PBXGroup;
			children = (
				BC00AA892BCF728900DE8AD2 /* CompositionRoot */,
				BC00AA882BCF725C00DE8AD2 /* Packages */,
				BC00AA872BCF710000DE8AD2 /* Application */,
				BC00AA812BCF6DD700DE8AD2 /* Info.plist */,
			);
			path = ModularAppExample;
			sourceTree = "<group>";
		};
		BC00AA872BCF710000DE8AD2 /* Application */ = {
			isa = PBXGroup;
			children = (
				BC00AA7C2BCF6DD700DE8AD2 /* Assets.xcassets */,
				BC00AA7E2BCF6DD700DE8AD2 /* LaunchScreen.storyboard */,
				BC00AA792BCF6DD600DE8AD2 /* Main.storyboard */,
				BC00AA732BCF6DD600DE8AD2 /* AppDelegate.swift */,
				BC00AA752BCF6DD600DE8AD2 /* SceneDelegate.swift */,
			);
			path = Application;
			sourceTree = "<group>";
		};
		BC00AA882BCF725C00DE8AD2 /* Packages */ = {
			isa = PBXGroup;
			children = (
			);
			path = Packages;
			sourceTree = "<group>";
		};
		BC00AA892BCF728900DE8AD2 /* CompositionRoot */ = {
			isa = PBXGroup;
			children = (
				BC00AA8A2BCF72A900DE8AD2 /* FeatureSupport */,
				BC00AA772BCF6DD600DE8AD2 /* TabBarControllerFactory.swift */,
			);
			path = CompositionRoot;
			sourceTree = "<group>";
		};
		BC00AA8A2BCF72A900DE8AD2 /* FeatureSupport */ = {
			isa = PBXGroup;
			children = (
				BCE2316E2BD22F4700D5D8BD /* RestaurantDetails */,
				BCE2316D2BD22F4000D5D8BD /* Profile */,
				BCE2316C2BD22F3B00D5D8BD /* Home */,
			);
			path = FeatureSupport;
			sourceTree = "<group>";
		};
		BCE2316C2BD22F3B00D5D8BD /* Home */ = {
			isa = PBXGroup;
			children = (
			);
			path = Home;
			sourceTree = "<group>";
		};
		BCE2316D2BD22F4000D5D8BD /* Profile */ = {
			isa = PBXGroup;
			children = (
			);
			path = Profile;
			sourceTree = "<group>";
		};
		BCE2316E2BD22F4700D5D8BD /* RestaurantDetails */ = {
			isa = PBXGroup;
			children = (
			);
			path = RestaurantDetails;
			sourceTree = "<group>";
		};
/* End PBXGroup section */

/* Begin PBXNativeTarget section */
		BC00AA6F2BCF6DD600DE8AD2 /* ModularAppExample */ = {
			isa = PBXNativeTarget;
			buildConfigurationList = BC00AA842BCF6DD700DE8AD2 /* Build configuration list for PBXNativeTarget "ModularAppExample" */;
			buildPhases = (
				BC00AA6C2BCF6DD600DE8AD2 /* Sources */,
				BC00AA6D2BCF6DD600DE8AD2 /* Frameworks */,
				BC00AA6E2BCF6DD600DE8AD2 /* Resources */,
			);
			buildRules = (
			);
			dependencies = (
			);
			name = ModularAppExample;
			productName = ModularAppExample;
			productReference = BC00AA702BCF6DD600DE8AD2 /* ModularAppExample.app */;
			productType = "com.apple.product-type.application";
		};
/* End PBXNativeTarget section */

/* Begin PBXProject section */
		BC00AA682BCF6DD600DE8AD2 /* Project object */ = {
			isa = PBXProject;
			attributes = {
				BuildIndependentTargetsInParallel = 1;
				LastSwiftUpdateCheck = 1530;
				LastUpgradeCheck = 1530;
				TargetAttributes = {
					BC00AA6F2BCF6DD600DE8AD2 = {
						CreatedOnToolsVersion = 15.3;
					};
				};
			};
			buildConfigurationList = BC00AA6B2BCF6DD600DE8AD2 /* Build configuration list for PBXProject "ModularAppExample" */;
			compatibilityVersion = "Xcode 14.0";
			developmentRegion = en;
			hasScannedForEncodings = 0;
			knownRegions = (
				en,
				Base,
			);
			mainGroup = BC00AA672BCF6DD600DE8AD2;
			productRefGroup = BC00AA712BCF6DD600DE8AD2 /* Products */;
			projectDirPath = "";
			projectRoot = "";
			targets = (
				BC00AA6F2BCF6DD600DE8AD2 /* ModularAppExample */,
			);
		};
/* End PBXProject section */

/* Begin PBXResourcesBuildPhase section */
		BC00AA6E2BCF6DD600DE8AD2 /* Resources */ = {
			isa = PBXResourcesBuildPhase;
			buildActionMask = 2147483647;
			files = (
				BC00AA7D2BCF6DD700DE8AD2 /* Assets.xcassets in Resources */,
				BC00AA802BCF6DD700DE8AD2 /* Base in Resources */,
				BC00AA7B2BCF6DD600DE8AD2 /* Base in Resources */,
			);
			runOnlyForDeploymentPostprocessing = 0;
		};
/* End PBXResourcesBuildPhase section */

/* Begin PBXSourcesBuildPhase section */
		BC00AA6C2BCF6DD600DE8AD2 /* Sources */ = {
			isa = PBXSourcesBuildPhase;
			buildActionMask = 2147483647;
			files = (
				BC00AA782BCF6DD600DE8AD2 /* TabBarControllerFactory.swift in Sources */,
				BC00AA742BCF6DD600DE8AD2 /* AppDelegate.swift in Sources */,
				BC00AA762BCF6DD600DE8AD2 /* SceneDelegate.swift in Sources */,
			);
			runOnlyForDeploymentPostprocessing = 0;
		};
/* End PBXSourcesBuildPhase section */

/* Begin PBXVariantGroup section */
		BC00AA792BCF6DD600DE8AD2 /* Main.storyboard */ = {
			isa = PBXVariantGroup;
			children = (
				BC00AA7A2BCF6DD600DE8AD2 /* Base */,
			);
			name = Main.storyboard;
			sourceTree = "<group>";
		};
		BC00AA7E2BCF6DD700DE8AD2 /* LaunchScreen.storyboard */ = {
			isa = PBXVariantGroup;
			children = (
				BC00AA7F2BCF6DD700DE8AD2 /* Base */,
			);
			name = LaunchScreen.storyboard;
			sourceTree = "<group>";
		};
/* End PBXVariantGroup section */

/* Begin XCBuildConfiguration section */
		BC00AA822BCF6DD700DE8AD2 /* Debug */ = {
			isa = XCBuildConfiguration;
			buildSettings = {
				ALWAYS_SEARCH_USER_PATHS = NO;
				ASSETCATALOG_COMPILER_GENERATE_SWIFT_ASSET_SYMBOL_EXTENSIONS = YES;
				CLANG_ANALYZER_NONNULL = YES;
				CLANG_ANALYZER_NUMBER_OBJECT_CONVERSION = YES_AGGRESSIVE;
				CLANG_CXX_LANGUAGE_STANDARD = "gnu++20";
				CLANG_ENABLE_MODULES = YES;
				CLANG_ENABLE_OBJC_ARC = YES;
				CLANG_ENABLE_OBJC_WEAK = YES;
				CLANG_WARN_BLOCK_CAPTURE_AUTORELEASING = YES;
				CLANG_WARN_BOOL_CONVERSION = YES;
				CLANG_WARN_COMMA = YES;
				CLANG_WARN_CONSTANT_CONVERSION = YES;
				CLANG_WARN_DEPRECATED_OBJC_IMPLEMENTATIONS = YES;
				CLANG_WARN_DIRECT_OBJC_ISA_USAGE = YES_ERROR;
				CLANG_WARN_DOCUMENTATION_COMMENTS = YES;
				CLANG_WARN_EMPTY_BODY = YES;
				CLANG_WARN_ENUM_CONVERSION = YES;
				CLANG_WARN_INFINITE_RECURSION = YES;
				CLANG_WARN_INT_CONVERSION = YES;
				CLANG_WARN_NON_LITERAL_NULL_CONVERSION = YES;
				CLANG_WARN_OBJC_IMPLICIT_RETAIN_SELF = YES;
				CLANG_WARN_OBJC_LITERAL_CONVERSION = YES;
				CLANG_WARN_OBJC_ROOT_CLASS = YES_ERROR;
				CLANG_WARN_QUOTED_INCLUDE_IN_FRAMEWORK_HEADER = YES;
				CLANG_WARN_RANGE_LOOP_ANALYSIS = YES;
				CLANG_WARN_STRICT_PROTOTYPES = YES;
				CLANG_WARN_SUSPICIOUS_MOVE = YES;
				CLANG_WARN_UNGUARDED_AVAILABILITY = YES_AGGRESSIVE;
				CLANG_WARN_UNREACHABLE_CODE = YES;
				CLANG_WARN__DUPLICATE_METHOD_MATCH = YES;
				COPY_PHASE_STRIP = NO;
				DEBUG_INFORMATION_FORMAT = dwarf;
				ENABLE_STRICT_OBJC_MSGSEND = YES;
				ENABLE_TESTABILITY = YES;
				ENABLE_USER_SCRIPT_SANDBOXING = YES;
				GCC_C_LANGUAGE_STANDARD = gnu17;
				GCC_DYNAMIC_NO_PIC = NO;
				GCC_NO_COMMON_BLOCKS = YES;
				GCC_OPTIMIZATION_LEVEL = 0;
				GCC_PREPROCESSOR_DEFINITIONS = (
					"DEBUG=1",
					"$(inherited)",
				);
				GCC_WARN_64_TO_32_BIT_CONVERSION = YES;
				GCC_WARN_ABOUT_RETURN_TYPE = YES_ERROR;
				GCC_WARN_UNDECLARED_SELECTOR = YES;
				GCC_WARN_UNINITIALIZED_AUTOS = YES_AGGRESSIVE;
				GCC_WARN_UNUSED_FUNCTION = YES;
				GCC_WARN_UNUSED_VARIABLE = YES;
				IPHONEOS_DEPLOYMENT_TARGET = 17.4;
				LOCALIZATION_PREFERS_STRING_CATALOGS = YES;
				MTL_ENABLE_DEBUG_INFO = INCLUDE_SOURCE;
				MTL_FAST_MATH = YES;
				ONLY_ACTIVE_ARCH = YES;
				SDKROOT = iphoneos;
				SWIFT_ACTIVE_COMPILATION_CONDITIONS = "DEBUG $(inherited)";
				SWIFT_OPTIMIZATION_LEVEL = "-Onone";
			};
			name = Debug;
		};
		BC00AA832BCF6DD700DE8AD2 /* Release */ = {
			isa = XCBuildConfiguration;
			buildSettings = {
				ALWAYS_SEARCH_USER_PATHS = NO;
				ASSETCATALOG_COMPILER_GENERATE_SWIFT_ASSET_SYMBOL_EXTENSIONS = YES;
				CLANG_ANALYZER_NONNULL = YES;
				CLANG_ANALYZER_NUMBER_OBJECT_CONVERSION = YES_AGGRESSIVE;
				CLANG_CXX_LANGUAGE_STANDARD = "gnu++20";
				CLANG_ENABLE_MODULES = YES;
				CLANG_ENABLE_OBJC_ARC = YES;
				CLANG_ENABLE_OBJC_WEAK = YES;
				CLANG_WARN_BLOCK_CAPTURE_AUTORELEASING = YES;
				CLANG_WARN_BOOL_CONVERSION = YES;
				CLANG_WARN_COMMA = YES;
				CLANG_WARN_CONSTANT_CONVERSION = YES;
				CLANG_WARN_DEPRECATED_OBJC_IMPLEMENTATIONS = YES;
				CLANG_WARN_DIRECT_OBJC_ISA_USAGE = YES_ERROR;
				CLANG_WARN_DOCUMENTATION_COMMENTS = YES;
				CLANG_WARN_EMPTY_BODY = YES;
				CLANG_WARN_ENUM_CONVERSION = YES;
				CLANG_WARN_INFINITE_RECURSION = YES;
				CLANG_WARN_INT_CONVERSION = YES;
				CLANG_WARN_NON_LITERAL_NULL_CONVERSION = YES;
				CLANG_WARN_OBJC_IMPLICIT_RETAIN_SELF = YES;
				CLANG_WARN_OBJC_LITERAL_CONVERSION = YES;
				CLANG_WARN_OBJC_ROOT_CLASS = YES_ERROR;
				CLANG_WARN_QUOTED_INCLUDE_IN_FRAMEWORK_HEADER = YES;
				CLANG_WARN_RANGE_LOOP_ANALYSIS = YES;
				CLANG_WARN_STRICT_PROTOTYPES = YES;
				CLANG_WARN_SUSPICIOUS_MOVE = YES;
				CLANG_WARN_UNGUARDED_AVAILABILITY = YES_AGGRESSIVE;
				CLANG_WARN_UNREACHABLE_CODE = YES;
				CLANG_WARN__DUPLICATE_METHOD_MATCH = YES;
				COPY_PHASE_STRIP = NO;
				DEBUG_INFORMATION_FORMAT = "dwarf-with-dsym";
				ENABLE_NS_ASSERTIONS = NO;
				ENABLE_STRICT_OBJC_MSGSEND = YES;
				ENABLE_USER_SCRIPT_SANDBOXING = YES;
				GCC_C_LANGUAGE_STANDARD = gnu17;
				GCC_NO_COMMON_BLOCKS = YES;
				GCC_WARN_64_TO_32_BIT_CONVERSION = YES;
				GCC_WARN_ABOUT_RETURN_TYPE = YES_ERROR;
				GCC_WARN_UNDECLARED_SELECTOR = YES;
				GCC_WARN_UNINITIALIZED_AUTOS = YES_AGGRESSIVE;
				GCC_WARN_UNUSED_FUNCTION = YES;
				GCC_WARN_UNUSED_VARIABLE = YES;
				IPHONEOS_DEPLOYMENT_TARGET = 17.4;
				LOCALIZATION_PREFERS_STRING_CATALOGS = YES;
				MTL_ENABLE_DEBUG_INFO = NO;
				MTL_FAST_MATH = YES;
				SDKROOT = iphoneos;
				SWIFT_COMPILATION_MODE = wholemodule;
				VALIDATE_PRODUCT = YES;
			};
			name = Release;
		};
		BC00AA852BCF6DD700DE8AD2 /* Debug */ = {
			isa = XCBuildConfiguration;
			buildSettings = {
				ASSETCATALOG_COMPILER_APPICON_NAME = AppIcon;
				ASSETCATALOG_COMPILER_GLOBAL_ACCENT_COLOR_NAME = AccentColor;
				CODE_SIGN_STYLE = Automatic;
				CURRENT_PROJECT_VERSION = 1;
				GENERATE_INFOPLIST_FILE = YES;
				INFOPLIST_FILE = ModularAppExample/Info.plist;
				INFOPLIST_KEY_UIApplicationSupportsIndirectInputEvents = YES;
				INFOPLIST_KEY_UILaunchStoryboardName = LaunchScreen;
				INFOPLIST_KEY_UIMainStoryboardFile = Main;
				INFOPLIST_KEY_UISupportedInterfaceOrientations_iPad = "UIInterfaceOrientationPortrait UIInterfaceOrientationPortraitUpsideDown UIInterfaceOrientationLandscapeLeft UIInterfaceOrientationLandscapeRight";
				INFOPLIST_KEY_UISupportedInterfaceOrientations_iPhone = "UIInterfaceOrientationPortrait UIInterfaceOrientationLandscapeLeft UIInterfaceOrientationLandscapeRight";
				IPHONEOS_DEPLOYMENT_TARGET = 15.0;
				LD_RUNPATH_SEARCH_PATHS = (
					"$(inherited)",
					"@executable_path/Frameworks",
				);
				MARKETING_VERSION = 1.0;
				PRODUCT_BUNDLE_IDENTIFIER = com.test.ModularAppExample;
				PRODUCT_NAME = "$(TARGET_NAME)";
				SWIFT_EMIT_LOC_STRINGS = YES;
				SWIFT_VERSION = 5.0;
				TARGETED_DEVICE_FAMILY = "1,2";
			};
			name = Debug;
		};
		BC00AA862BCF6DD700DE8AD2 /* Release */ = {
			isa = XCBuildConfiguration;
			buildSettings = {
				ASSETCATALOG_COMPILER_APPICON_NAME = AppIcon;
				ASSETCATALOG_COMPILER_GLOBAL_ACCENT_COLOR_NAME = AccentColor;
				CODE_SIGN_STYLE = Automatic;
				CURRENT_PROJECT_VERSION = 1;
				GENERATE_INFOPLIST_FILE = YES;
				INFOPLIST_FILE = ModularAppExample/Info.plist;
				INFOPLIST_KEY_UIApplicationSupportsIndirectInputEvents = YES;
				INFOPLIST_KEY_UILaunchStoryboardName = LaunchScreen;
				INFOPLIST_KEY_UIMainStoryboardFile = Main;
				INFOPLIST_KEY_UISupportedInterfaceOrientations_iPad = "UIInterfaceOrientationPortrait UIInterfaceOrientationPortraitUpsideDown UIInterfaceOrientationLandscapeLeft UIInterfaceOrientationLandscapeRight";
				INFOPLIST_KEY_UISupportedInterfaceOrientations_iPhone = "UIInterfaceOrientationPortrait UIInterfaceOrientationLandscapeLeft UIInterfaceOrientationLandscapeRight";
				IPHONEOS_DEPLOYMENT_TARGET = 15.0;
				LD_RUNPATH_SEARCH_PATHS = (
					"$(inherited)",
					"@executable_path/Frameworks",
				);
				MARKETING_VERSION = 1.0;
				PRODUCT_BUNDLE_IDENTIFIER = com.test.ModularAppExample;
				PRODUCT_NAME = "$(TARGET_NAME)";
				SWIFT_EMIT_LOC_STRINGS = YES;
				SWIFT_VERSION = 5.0;
				TARGETED_DEVICE_FAMILY = "1,2";
			};
			name = Release;
		};
/* End XCBuildConfiguration section */

/* Begin XCConfigurationList section */
		BC00AA6B2BCF6DD600DE8AD2 /* Build configuration list for PBXProject "ModularAppExample" */ = {
			isa = XCConfigurationList;
			buildConfigurations = (
				BC00AA822BCF6DD700DE8AD2 /* Debug */,
				BC00AA832BCF6DD700DE8AD2 /* Release */,
			);
			defaultConfigurationIsVisible = 0;
			defaultConfigurationName = Release;
		};
		BC00AA842BCF6DD700DE8AD2 /* Build configuration list for PBXNativeTarget "ModularAppExample" */ = {
			isa = XCConfigurationList;
			buildConfigurations = (
				BC00AA852BCF6DD700DE8AD2 /* Debug */,
				BC00AA862BCF6DD700DE8AD2 /* Release */,
			);
			defaultConfigurationIsVisible = 0;
			defaultConfigurationName = Release;
		};
/* End XCConfigurationList section */
	};
	rootObject = BC00AA682BCF6DD600DE8AD2 /* Project object */;
}
